
Microsoft Visual Studio Solution File, Format Version 12.00
# Visual Studio Version 17
VisualStudioVersion = 17.1.32228.430
MinimumVisualStudioVersion = 10.0.40219.1
Project("{FAE04EC0-301F-11D3-BF4B-00C04F79EFBC}") = "Task_14_Name_In_Frame", "Task_14_Name_In_Frame.csproj", "{134544FC-18E6-41A2-826E-5C259D42CC30}"
EndProject
Global
	GlobalSection(SolutionConfigurationPlatforms) = preSolution
		Debug|Any CPU = Debug|Any CPU
		Debug|x64 = Debug|x64
		Test|Any CPU = Test|Any CPU
		Test|x64 = Test|x64
	EndGlobalSection
	GlobalSection(ProjectConfigurationPlatforms) = postSolution
		{134544FC-18E6-41A2-826E-5C259D42CC30}.Debug|Any CPU.ActiveCfg = Debug|Any CPU
		{134544FC-18E6-41A2-826E-5C259D42CC30}.Debug|Any CPU.Build.0 = Debug|Any CPU
		{134544FC-18E6-41A2-826E-5C259D42CC30}.Debug|x64.ActiveCfg = Debug|x64
		{134544FC-18E6-41A2-826E-5C259D42CC30}.Debug|x64.Build.0 = Debug|x64
		{134544FC-18E6-41A2-826E-5C259D42CC30}.Test|Any CPU.ActiveCfg = Test|Any CPU
		{134544FC-18E6-41A2-826E-5C259D42CC30}.Test|Any CPU.Build.0 = Test|Any CPU
		{134544FC-18E6-41A2-826E-5C259D42CC30}.Test|x64.ActiveCfg = Test|x64
		{134544FC-18E6-41A2-826E-5C259D42CC30}.Test|x64.Build.0 = Test|x64
	EndGlobalSection
	GlobalSection(SolutionProperties) = preSolution
		HideSolutionNode = FALSE
	EndGlobalSection
	GlobalSection(ExtensibilityGlobals) = postSolution
		SolutionGuid = {8CE23BF9-9450-4EED-AA7F-AA15B41C088E}
	EndGlobalSection
EndGlobal
